// !$*UTF8*$!
{
	archiveVersion = 1;
	classes = {
	};
	objectVersion = 46;
	objects = {

/* Begin PBXBuildFile section */
		06257B101E3EFD0A0070A74E /* 02 Every Breaking Wave.m4a in Resources */ = {isa = PBXBuildFile; fileRef = 06FCEA5A1E3EFA110002824C /* 02 Every Breaking Wave.m4a */; };
		063162251E331C51006D3B0C /* AppDelegate.swift in Sources */ = {isa = PBXBuildFile; fileRef = 063162241E331C51006D3B0C /* AppDelegate.swift */; };
		063162271E331C51006D3B0C /* ViewController.swift in Sources */ = {isa = PBXBuildFile; fileRef = 063162261E331C51006D3B0C /* ViewController.swift */; };
		0631622A1E331C51006D3B0C /* Main.storyboard in Resources */ = {isa = PBXBuildFile; fileRef = 063162281E331C51006D3B0C /* Main.storyboard */; };
		0631622C1E331C51006D3B0C /* Assets.xcassets in Resources */ = {isa = PBXBuildFile; fileRef = 0631622B1E331C51006D3B0C /* Assets.xcassets */; };
		0631622F1E331C51006D3B0C /* LaunchScreen.storyboard in Resources */ = {isa = PBXBuildFile; fileRef = 0631622D1E331C51006D3B0C /* LaunchScreen.storyboard */; };
		063162381E331CCA006D3B0C /* SpriteKit.framework in Frameworks */ = {isa = PBXBuildFile; fileRef = 063162371E331CCA006D3B0C /* SpriteKit.framework */; };
		069727DD1E3744D600C8B51C /* GameScene.swift in Sources */ = {isa = PBXBuildFile; fileRef = 069727DC1E3744D600C8B51C /* GameScene.swift */; };
/* End PBXBuildFile section */

/* Begin PBXFileReference section */
		063162211E331C50006D3B0C /* FlappyBird.app */ = {isa = PBXFileReference; explicitFileType = wrapper.application; includeInIndex = 0; path = FlappyBird.app; sourceTree = BUILT_PRODUCTS_DIR; };
		063162241E331C51006D3B0C /* AppDelegate.swift */ = {isa = PBXFileReference; lastKnownFileType = sourcecode.swift; path = AppDelegate.swift; sourceTree = "<group>"; };
		063162261E331C51006D3B0C /* ViewController.swift */ = {isa = PBXFileReference; lastKnownFileType = sourcecode.swift; path = ViewController.swift; sourceTree = "<group>"; };
		063162291E331C51006D3B0C /* Base */ = {isa = PBXFileReference; lastKnownFileType = file.storyboard; name = Base; path = Base.lproj/Main.storyboard; sourceTree = "<group>"; };
		0631622B1E331C51006D3B0C /* Assets.xcassets */ = {isa = PBXFileReference; lastKnownFileType = folder.assetcatalog; path = Assets.xcassets; sourceTree = "<group>"; };
		0631622E1E331C51006D3B0C /* Base */ = {isa = PBXFileReference; lastKnownFileType = file.storyboard; name = Base; path = Base.lproj/LaunchScreen.storyboard; sourceTree = "<group>"; };
		063162301E331C51006D3B0C /* Info.plist */ = {isa = PBXFileReference; lastKnownFileType = text.plist.xml; path = Info.plist; sourceTree = "<group>"; };
		063162371E331CCA006D3B0C /* SpriteKit.framework */ = {isa = PBXFileReference; lastKnownFileType = wrapper.framework; name = SpriteKit.framework; path = System/Library/Frameworks/SpriteKit.framework; sourceTree = SDKROOT; };
		069727DC1E3744D600C8B51C /* GameScene.swift */ = {isa = PBXFileReference; fileEncoding = 4; lastKnownFileType = sourcecode.swift; name = GameScene.swift; path = ../GameScene.swift; sourceTree = "<group>"; };
		06FCEA5A1E3EFA110002824C /* 02 Every Breaking Wave.m4a */ = {isa = PBXFileReference; lastKnownFileType = file; path = "02 Every Breaking Wave.m4a"; sourceTree = "<group>"; };
/* End PBXFileReference section */

/* Begin PBXFrameworksBuildPhase section */
		0631621E1E331C50006D3B0C /* Frameworks */ = {
			isa = PBXFrameworksBuildPhase;
			buildActionMask = 2147483647;
			files = (
				063162381E331CCA006D3B0C /* SpriteKit.framework in Frameworks */,
			);
			runOnlyForDeploymentPostprocessing = 0;
		};
/* End PBXFrameworksBuildPhase section */

/* Begin PBXGroup section */
		063162181E331C50006D3B0C = {
			isa = PBXGroup;
			children = (
				063162231E331C50006D3B0C /* FlappyBird */,
				063162221E331C50006D3B0C /* Products */,
				063162361E331CCA006D3B0C /* Frameworks */,
			);
			sourceTree = "<group>";
		};
		063162221E331C50006D3B0C /* Products */ = {
			isa = PBXGroup;
			children = (
				063162211E331C50006D3B0C /* FlappyBird.app */,
			);
			name = Products;
			sourceTree = "<group>";
		};
		063162231E331C50006D3B0C /* FlappyBird */ = {
			isa = PBXGroup;
			children = (
				063162241E331C51006D3B0C /* AppDelegate.swift */,
				063162261E331C51006D3B0C /* ViewController.swift */,
				063162281E331C51006D3B0C /* Main.storyboard */,
				0631622B1E331C51006D3B0C /* Assets.xcassets */,
				069727DC1E3744D600C8B51C /* GameScene.swift */,
				06FCEA5A1E3EFA110002824C /* 02 Every Breaking Wave.m4a */,
				0631622D1E331C51006D3B0C /* LaunchScreen.storyboard */,
				063162301E331C51006D3B0C /* Info.plist */,
			);
			path = FlappyBird;
			sourceTree = "<group>";
		};
		063162361E331CCA006D3B0C /* Frameworks */ = {
			isa = PBXGroup;
			children = (
				063162371E331CCA006D3B0C /* SpriteKit.framework */,
			);
			name = Frameworks;
			sourceTree = "<group>";
		};
/* End PBXGroup section */

/* Begin PBXNativeTarget section */
		063162201E331C50006D3B0C /* FlappyBird */ = {
			isa = PBXNativeTarget;
			buildConfigurationList = 063162331E331C51006D3B0C /* Build configuration list for PBXNativeTarget "FlappyBird" */;
			buildPhases = (
				0631621D1E331C50006D3B0C /* Sources */,
				0631621E1E331C50006D3B0C /* Frameworks */,
				0631621F1E331C50006D3B0C /* Resources */,
			);
			buildRules = (
			);
			dependencies = (
			);
			name = FlappyBird;
			productName = FlappyBird;
			productReference = 063162211E331C50006D3B0C /* FlappyBird.app */;
			productType = "com.apple.product-type.application";
		};
/* End PBXNativeTarget section */

/* Begin PBXProject section */
		063162191E331C50006D3B0C /* Project object */ = {
			isa = PBXProject;
			attributes = {
				LastSwiftUpdateCheck = 0820;
				LastUpgradeCheck = 0820;
				ORGANIZATIONNAME = "山田哲平";
				TargetAttributes = {
					063162201E331C50006D3B0C = {
						CreatedOnToolsVersion = 8.2.1;
						ProvisioningStyle = Automatic;
					};
				};
			};
			buildConfigurationList = 0631621C1E331C50006D3B0C /* Build configuration list for PBXProject "FlappyBird" */;
			compatibilityVersion = "Xcode 3.2";
			developmentRegion = English;
			hasScannedForEncodings = 0;
			knownRegions = (
				en,
				Base,
			);
			mainGroup = 063162181E331C50006D3B0C;
			productRefGroup = 063162221E331C50006D3B0C /* Products */;
			projectDirPath = "";
			projectRoot = "";
			targets = (
				063162201E331C50006D3B0C /* FlappyBird */,
			);
		};
/* End PBXProject section */

/* Begin PBXResourcesBuildPhase section */
		0631621F1E331C50006D3B0C /* Resources */ = {
			isa = PBXResourcesBuildPhase;
			buildActionMask = 2147483647;
			files = (
				0631622F1E331C51006D3B0C /* LaunchScreen.storyboard in Resources */,
				06257B101E3EFD0A0070A74E /* 02 Every Breaking Wave.m4a in Resources */,
				0631622C1E331C51006D3B0C /* Assets.xcassets in Resources */,
				0631622A1E331C51006D3B0C /* Main.storyboard in Resources */,
			);
			runOnlyForDeploymentPostprocessing = 0;
		};
/* End PBXResourcesBuildPhase section */

/* Begin PBXSourcesBuildPhase section */
		0631621D1E331C50006D3B0C /* Sources */ = {
			isa = PBXSourcesBuildPhase;
			buildActionMask = 2147483647;
			files = (
				069727DD1E3744D600C8B51C /* GameScene.swift in Sources */,
				063162271E331C51006D3B0C /* ViewController.swift in Sources */,
				063162251E331C51006D3B0C /* AppDelegate.swift in Sources */,
			);
			runOnlyForDeploymentPostprocessing = 0;
		};
/* End PBXSourcesBuildPhase section */

/* Begin PBXVariantGroup section */
		063162281E331C51006D3B0C /* Main.storyboard */ = {
			isa = PBXVariantGroup;
			children = (
				063162291E331C51006D3B0C /* Base */,
			);
			name = Main.storyboard;
			sourceTree = "<group>";
		};
		0631622D1E331C51006D3B0C /* LaunchScreen.storyboard */ = {
			isa = PBXVariantGroup;
			children = (
				0631622E1E331C51006D3B0C /* Base */,
			);
			name = LaunchScreen.storyboard;
			sourceTree = "<group>";
		};
/* End PBXVariantGroup section */

/* Begin XCBuildConfiguration section */
		063162311E331C51006D3B0C /* Debug */ = {
			isa = XCBuildConfiguration;
			buildSettings = {
				ALWAYS_SEARCH_USER_PATHS = NO;
				CLANG_ANALYZER_NONNULL = YES;
				CLANG_CXX_LANGUAGE_STANDARD = "gnu++0x";
				CLANG_CXX_LIBRARY = "libc++";
				CLANG_ENABLE_MODULES = YES;
				CLANG_ENABLE_OBJC_ARC = YES;
				CLANG_WARN_BOOL_CONVERSION = YES;
				CLANG_WARN_CONSTANT_CONVERSION = YES;
				CLANG_WARN_DIRECT_OBJC_ISA_USAGE = YES_ERROR;
				CLANG_WARN_DOCUMENTATION_COMMENTS = YES;
				CLANG_WARN_EMPTY_BODY = YES;
				CLANG_WARN_ENUM_CONVERSION = YES;
				CLANG_WARN_INFINITE_RECURSION = YES;
				CLANG_WARN_INT_CONVERSION = YES;
				CLANG_WARN_OBJC_ROOT_CLASS = YES_ERROR;
				CLANG_WARN_SUSPICIOUS_MOVE = YES;
				CLANG_WARN_UNREACHABLE_CODE = YES;
				CLANG_WARN__DUPLICATE_METHOD_MATCH = YES;
				"CODE_SIGN_IDENTITY[sdk=iphoneos*]" = "iPhone Developer";
				COPY_PHASE_STRIP = NO;
				DEBUG_INFORMATION_FORMAT = dwarf;
				ENABLE_STRICT_OBJC_MSGSEND = YES;
				ENABLE_TESTABILITY = YES;
				GCC_C_LANGUAGE_STANDARD = gnu99;
				GCC_DYNAMIC_NO_PIC = NO;
				GCC_NO_COMMON_BLOCKS = YES;
				GCC_OPTIMIZATION_LEVEL = 0;
				GCC_PREPROCESSOR_DEFINITIONS = (
					"DEBUG=1",
					"$(inherited)",
				);
				GCC_WARN_64_TO_32_BIT_CONVERSION = YES;
				GCC_WARN_ABOUT_RETURN_TYPE = YES_ERROR;
				GCC_WARN_UNDECLARED_SELECTOR = YES;
				GCC_WARN_UNINITIALIZED_AUTOS = YES_AGGRESSIVE;
				GCC_WARN_UNUSED_FUNCTION = YES;
				GCC_WARN_UNUSED_VARIABLE = YES;
				IPHONEOS_DEPLOYMENT_TARGET = 10.2;
				MTL_ENABLE_DEBUG_INFO = YES;
				ONLY_ACTIVE_ARCH = YES;
				SDKROOT = iphoneos;
				SWIFT_ACTIVE_COMPILATION_CONDITIONS = DEBUG;
				SWIFT_OPTIMIZATION_LEVEL = "-Onone";
			};
			name = Debug;
		};
		063162321E331C51006D3B0C /* Release */ = {
			isa = XCBuildConfiguration;
			buildSettings = {
				ALWAYS_SEARCH_USER_PATHS = NO;
				CLANG_ANALYZER_NONNULL = YES;
				CLANG_CXX_LANGUAGE_STANDARD = "gnu++0x";
				CLANG_CXX_LIBRARY = "libc++";
				CLANG_ENABLE_MODULES = YES;
				CLANG_ENABLE_OBJC_ARC = YES;
				CLANG_WARN_BOOL_CONVERSION = YES;
				CLANG_WARN_CONSTANT_CONVERSION = YES;
				CLANG_WARN_DIRECT_OBJC_ISA_USAGE = YES_ERROR;
				CLANG_WARN_DOCUMENTATION_COMMENTS = YES;
				CLANG_WARN_EMPTY_BODY = YES;
				CLANG_WARN_ENUM_CONVERSION = YES;
				CLANG_WARN_INFINITE_RECURSION = YES;
				CLANG_WARN_INT_CONVERSION = YES;
				CLANG_WARN_OBJC_ROOT_CLASS = YES_ERROR;
				CLANG_WARN_SUSPICIOUS_MOVE = YES;
				CLANG_WARN_UNREACHABLE_CODE = YES;
				CLANG_WARN__DUPLICATE_METHOD_MATCH = YES;
				"CODE_SIGN_IDENTITY[sdk=iphoneos*]" = "iPhone Developer";
				COPY_PHASE_STRIP = NO;
				DEBUG_INFORMATION_FORMAT = "dwarf-with-dsym";
				ENABLE_NS_ASSERTIONS = NO;
				ENABLE_STRICT_OBJC_MSGSEND = YES;
				GCC_C_LANGUAGE_STANDARD = gnu99;
				GCC_NO_COMMON_BLOCKS = YES;
				GCC_WARN_64_TO_32_BIT_CONVERSION = YES;
				GCC_WARN_ABOUT_RETURN_TYPE = YES_ERROR;
				GCC_WARN_UNDECLARED_SELECTOR = YES;
				GCC_WARN_UNINITIALIZED_AUTOS = YES_AGGRESSIVE;
				GCC_WARN_UNUSED_FUNCTION = YES;
				GCC_WARN_UNUSED_VARIABLE = YES;
				IPHONEOS_DEPLOYMENT_TARGET = 10.2;
				MTL_ENABLE_DEBUG_INFO = NO;
				SDKROOT = iphoneos;
				SWIFT_OPTIMIZATION_LEVEL = "-Owholemodule";
				VALIDATE_PRODUCT = YES;
			};
			name = Release;
		};
		063162341E331C51006D3B0C /* Debug */ = {
			isa = XCBuildConfiguration;
			buildSettings = {
				ASSETCATALOG_COMPILER_APPICON_NAME = AppIcon;
				INFOPLIST_FILE = FlappyBird/Info.plist;
				LD_RUNPATH_SEARCH_PATHS = "$(inherited) @executable_path/Frameworks";
				PRODUCT_BUNDLE_IDENTIFIER = jp.techacademy.teppei.yamada.FlappyBird;
				PRODUCT_NAME = "$(TARGET_NAME)";
				SWIFT_VERSION = 3.0;
			};
			name = Debug;
		};
		063162351E331C51006D3B0C /* Release */ = {
			isa = XCBuildConfiguration;
			buildSettings = {
				ASSETCATALOG_COMPILER_APPICON_NAME = AppIcon;
				INFOPLIST_FILE = FlappyBird/Info.plist;
				LD_RUNPATH_SEARCH_PATHS = "$(inherited) @executable_path/Frameworks";
				PRODUCT_BUNDLE_IDENTIFIER = jp.techacademy.teppei.yamada.FlappyBird;
				PRODUCT_NAME = "$(TARGET_NAME)";
				SWIFT_VERSION = 3.0;
			};
			name = Release;
		};
/* End XCBuildConfiguration section */

/* Begin XCConfigurationList section */
		0631621C1E331C50006D3B0C /* Build configuration list for PBXProject "FlappyBird" */ = {
			isa = XCConfigurationList;
			buildConfigurations = (
				063162311E331C51006D3B0C /* Debug */,
				063162321E331C51006D3B0C /* Release */,
			);
			defaultConfigurationIsVisible = 0;
			defaultConfigurationName = Release;
		};
		063162331E331C51006D3B0C /* Build configuration list for PBXNativeTarget "FlappyBird" */ = {
			isa = XCConfigurationList;
			buildConfigurations = (
				063162341E331C51006D3B0C /* Debug */,
				063162351E331C51006D3B0C /* Release */,
			);
			defaultConfigurationIsVisible = 0;
			defaultConfigurationName = Release;
		};
/* End XCConfigurationList section */
	};
	rootObject = 063162191E331C50006D3B0C /* Project object */;
}
